
Microsoft Visual Studio Solution File, Format Version 12.00
# Visual Studio Version 17
VisualStudioVersion = 17.14.36414.22 d17.14
MinimumVisualStudioVersion = 10.0.40219.1
Project("{FAE04EC0-301F-11D3-BF4B-00C04F79EFBC}") = "Agenda", "Agenda\Agenda.csproj", "{21B493BF-5A43-4C6E-9288-83AD2293A5CE}"
EndProject
Global
	GlobalSection(SolutionConfigurationPlatforms) = preSolution
		Debug|Any CPU = Debug|Any CPU
		Release|Any CPU = Release|Any CPU
	EndGlobalSection
	GlobalSection(ProjectConfigurationPlatforms) = postSolution
		{21B493BF-5A43-4C6E-9288-83AD2293A5CE}.Debug|Any CPU.ActiveCfg = Debug|Any CPU
		{21B493BF-5A43-4C6E-9288-83AD2293A5CE}.Debug|Any CPU.Build.0 = Debug|Any CPU
		{21B493BF-5A43-4C6E-9288-83AD2293A5CE}.Release|Any CPU.ActiveCfg = Release|Any CPU
		{21B493BF-5A43-4C6E-9288-83AD2293A5CE}.Release|Any CPU.Build.0 = Release|Any CPU
	EndGlobalSection
	GlobalSection(SolutionProperties) = preSolution
		HideSolutionNode = FALSE
	EndGlobalSection
	GlobalSection(ExtensibilityGlobals) = postSolution
		SolutionGuid = {63DCFD49-D8ED-4C5F-8A7C-BD3335110AD1}
	EndGlobalSection
EndGlobal
